
Microsoft Visual Studio Solution File, Format Version 12.00
# Visual Studio 14
VisualStudioVersion = 14.0.24720.0
MinimumVisualStudioVersion = 10.0.40219.1
Project("{2150E333-8FDC-42A3-9474-1A3956D46DE8}") = ".nuget", ".nuget", "{355684DD-22AC-4D3A-B93B-6B92D123A044}"
	ProjectSection(SolutionItems) = preProject
		.nuget\NuGet.Config = .nuget\NuGet.Config
		.nuget\NuGet.exe = .nuget\NuGet.exe
		.nuget\NuGet.targets = .nuget\NuGet.targets
	EndProjectSection
EndProject
Project("{2150E333-8FDC-42A3-9474-1A3956D46DE8}") = "CodedUI", "CodedUI", "{0C04DCC6-AF58-4A2C-8D90-3DE2A557C830}"
EndProject
Project("{2150E333-8FDC-42A3-9474-1A3956D46DE8}") = "Selenium", "Selenium", "{ECD281AC-2075-4F3A-B24A-D8B96E8CE56E}"
EndProject
Project("{FAE04EC0-301F-11D3-BF4B-00C04F79EFBC}") = "SpecBind", "SpecBind\SpecBind.csproj", "{E27BD8D5-242F-496E-BE3A-1C73A27E5275}"
EndProject
Project("{FAE04EC0-301F-11D3-BF4B-00C04F79EFBC}") = "SpecBind.Tests", "SpecBind.Tests\SpecBind.Tests.csproj", "{AE1176AA-1766-471B-BF06-84B66EFEB3CF}"
EndProject
Project("{FAE04EC0-301F-11D3-BF4B-00C04F79EFBC}") = "SpecBind.CodedUI", "SpecBind.CodedUI\SpecBind.CodedUI.csproj", "{15643F21-75D0-451F-97CF-5121A11B0705}"
EndProject
Project("{FAE04EC0-301F-11D3-BF4B-00C04F79EFBC}") = "SpecBind.Plugin", "SpecBind.Plugin\SpecBind.Plugin.csproj", "{0BCFC808-1647-448E-A9DC-99B3D9D336B5}"
EndProject
Project("{FAE04EC0-301F-11D3-BF4B-00C04F79EFBC}") = "SpecBind.CodedUI.Tests", "SpecBind.CodedUI.Tests\SpecBind.CodedUI.Tests.csproj", "{0EDE594B-518E-420E-9779-E11971767220}"
EndProject
Project("{FAE04EC0-301F-11D3-BF4B-00C04F79EFBC}") = "SpecBind.CodedUI.IntegrationTests", "SpecBind.CodedUI.IntegrationTests\SpecBind.CodedUI.IntegrationTests.csproj", "{5A11FA8E-F9F9-4FC3-A935-B405FAAE3FF3}"
EndProject
Project("{FAE04EC0-301F-11D3-BF4B-00C04F79EFBC}") = "SpecBind.Selenium", "SpecBind.Selenium\SpecBind.Selenium.csproj", "{BB4BC498-4C1B-40B3-965E-4650125A2DF0}"
EndProject
Project("{FAE04EC0-301F-11D3-BF4B-00C04F79EFBC}") = "SpecBind.Selenium.Tests", "SpecBind.Selenium.Tests\SpecBind.Selenium.Tests.csproj", "{E6461298-97BB-44B9-9D7E-15C51D8C5ED8}"
EndProject
Project("{FAE04EC0-301F-11D3-BF4B-00C04F79EFBC}") = "SpecBind.Selenium.IntegrationTests", "SpecBind.Selenium.IntegrationTests\SpecBind.Selenium.IntegrationTests.csproj", "{112812A6-F176-47AA-BD8C-6A7DFDBC3172}"
EndProject
Project("{2150E333-8FDC-42A3-9474-1A3956D46DE8}") = "Solution Items", "Solution Items", "{FE3A1D8C-DC30-443E-873A-99F9207267FB}"
	ProjectSection(SolutionItems) = preProject
		..\appveyor.yml = ..\appveyor.yml
		Settings.StyleCop = Settings.StyleCop
		SpecBind.ruleset = SpecBind.ruleset
		test.runsettings = test.runsettings
	EndProjectSection
EndProject
Global
	GlobalSection(SolutionConfigurationPlatforms) = preSolution
		Debug|Any CPU = Debug|Any CPU
		Release|Any CPU = Release|Any CPU
	EndGlobalSection
	GlobalSection(ProjectConfigurationPlatforms) = postSolution
		{E27BD8D5-242F-496E-BE3A-1C73A27E5275}.Debug|Any CPU.ActiveCfg = Debug|Any CPU
		{E27BD8D5-242F-496E-BE3A-1C73A27E5275}.Debug|Any CPU.Build.0 = Debug|Any CPU
		{E27BD8D5-242F-496E-BE3A-1C73A27E5275}.Release|Any CPU.ActiveCfg = Release|Any CPU
		{E27BD8D5-242F-496E-BE3A-1C73A27E5275}.Release|Any CPU.Build.0 = Release|Any CPU
		{AE1176AA-1766-471B-BF06-84B66EFEB3CF}.Debug|Any CPU.ActiveCfg = Debug|Any CPU
		{AE1176AA-1766-471B-BF06-84B66EFEB3CF}.Debug|Any CPU.Build.0 = Debug|Any CPU
		{AE1176AA-1766-471B-BF06-84B66EFEB3CF}.Release|Any CPU.ActiveCfg = Release|Any CPU
		{AE1176AA-1766-471B-BF06-84B66EFEB3CF}.Release|Any CPU.Build.0 = Release|Any CPU
		{15643F21-75D0-451F-97CF-5121A11B0705}.Debug|Any CPU.ActiveCfg = Debug|Any CPU
		{15643F21-75D0-451F-97CF-5121A11B0705}.Debug|Any CPU.Build.0 = Debug|Any CPU
		{15643F21-75D0-451F-97CF-5121A11B0705}.Release|Any CPU.ActiveCfg = Release|Any CPU
		{15643F21-75D0-451F-97CF-5121A11B0705}.Release|Any CPU.Build.0 = Release|Any CPU
		{0BCFC808-1647-448E-A9DC-99B3D9D336B5}.Debug|Any CPU.ActiveCfg = Debug|Any CPU
		{0BCFC808-1647-448E-A9DC-99B3D9D336B5}.Debug|Any CPU.Build.0 = Debug|Any CPU
		{0BCFC808-1647-448E-A9DC-99B3D9D336B5}.Release|Any CPU.ActiveCfg = Release|Any CPU
		{0BCFC808-1647-448E-A9DC-99B3D9D336B5}.Release|Any CPU.Build.0 = Release|Any CPU
		{0EDE594B-518E-420E-9779-E11971767220}.Debug|Any CPU.ActiveCfg = Debug|Any CPU
		{0EDE594B-518E-420E-9779-E11971767220}.Debug|Any CPU.Build.0 = Debug|Any CPU
		{0EDE594B-518E-420E-9779-E11971767220}.Release|Any CPU.ActiveCfg = Release|Any CPU
		{0EDE594B-518E-420E-9779-E11971767220}.Release|Any CPU.Build.0 = Release|Any CPU
		{5A11FA8E-F9F9-4FC3-A935-B405FAAE3FF3}.Debug|Any CPU.ActiveCfg = Debug|Any CPU
		{5A11FA8E-F9F9-4FC3-A935-B405FAAE3FF3}.Debug|Any CPU.Build.0 = Debug|Any CPU
		{5A11FA8E-F9F9-4FC3-A935-B405FAAE3FF3}.Release|Any CPU.ActiveCfg = Release|Any CPU
		{5A11FA8E-F9F9-4FC3-A935-B405FAAE3FF3}.Release|Any CPU.Build.0 = Release|Any CPU
		{BB4BC498-4C1B-40B3-965E-4650125A2DF0}.Debug|Any CPU.ActiveCfg = Debug|Any CPU
		{BB4BC498-4C1B-40B3-965E-4650125A2DF0}.Debug|Any CPU.Build.0 = Debug|Any CPU
		{BB4BC498-4C1B-40B3-965E-4650125A2DF0}.Release|Any CPU.ActiveCfg = Release|Any CPU
		{BB4BC498-4C1B-40B3-965E-4650125A2DF0}.Release|Any CPU.Build.0 = Release|Any CPU
		{E6461298-97BB-44B9-9D7E-15C51D8C5ED8}.Debug|Any CPU.ActiveCfg = Debug|Any CPU
		{E6461298-97BB-44B9-9D7E-15C51D8C5ED8}.Debug|Any CPU.Build.0 = Debug|Any CPU
		{E6461298-97BB-44B9-9D7E-15C51D8C5ED8}.Release|Any CPU.ActiveCfg = Release|Any CPU
		{E6461298-97BB-44B9-9D7E-15C51D8C5ED8}.Release|Any CPU.Build.0 = Release|Any CPU
		{112812A6-F176-47AA-BD8C-6A7DFDBC3172}.Debug|Any CPU.ActiveCfg = Debug|Any CPU
		{112812A6-F176-47AA-BD8C-6A7DFDBC3172}.Debug|Any CPU.Build.0 = Debug|Any CPU
		{112812A6-F176-47AA-BD8C-6A7DFDBC3172}.Release|Any CPU.ActiveCfg = Release|Any CPU
		{112812A6-F176-47AA-BD8C-6A7DFDBC3172}.Release|Any CPU.Build.0 = Release|Any CPU
	EndGlobalSection
	GlobalSection(SolutionProperties) = preSolution
		HideSolutionNode = FALSE
	EndGlobalSection
	GlobalSection(NestedProjects) = preSolution
		{15643F21-75D0-451F-97CF-5121A11B0705} = {0C04DCC6-AF58-4A2C-8D90-3DE2A557C830}
		{0EDE594B-518E-420E-9779-E11971767220} = {0C04DCC6-AF58-4A2C-8D90-3DE2A557C830}
		{5A11FA8E-F9F9-4FC3-A935-B405FAAE3FF3} = {0C04DCC6-AF58-4A2C-8D90-3DE2A557C830}
		{BB4BC498-4C1B-40B3-965E-4650125A2DF0} = {ECD281AC-2075-4F3A-B24A-D8B96E8CE56E}
		{E6461298-97BB-44B9-9D7E-15C51D8C5ED8} = {ECD281AC-2075-4F3A-B24A-D8B96E8CE56E}
		{112812A6-F176-47AA-BD8C-6A7DFDBC3172} = {ECD281AC-2075-4F3A-B24A-D8B96E8CE56E}
	EndGlobalSection
EndGlobal
